// !$*UTF8*$!
{
	archiveVersion = 1;
	classes = {
	};
	objectVersion = 50;
	objects = {

/* Begin PBXBuildFile section */
		230F7983247BAD2D00993688 /* AppDelegate.swift in Sources */ = {isa = PBXBuildFile; fileRef = 230F7982247BAD2D00993688 /* AppDelegate.swift */; };
		230F7985247BAD2D00993688 /* SceneDelegate.swift in Sources */ = {isa = PBXBuildFile; fileRef = 230F7984247BAD2D00993688 /* SceneDelegate.swift */; };
		230F7987247BAD2D00993688 /* ViewController.swift in Sources */ = {isa = PBXBuildFile; fileRef = 230F7986247BAD2D00993688 /* ViewController.swift */; };
		230F798A247BAD2D00993688 /* Main.storyboard in Resources */ = {isa = PBXBuildFile; fileRef = 230F7988247BAD2D00993688 /* Main.storyboard */; };
		230F798D247BAD2D00993688 /* ExamenPhotoApp.xcdatamodeld in Sources */ = {isa = PBXBuildFile; fileRef = 230F798B247BAD2D00993688 /* ExamenPhotoApp.xcdatamodeld */; };
		230F798F247BAD2F00993688 /* Assets.xcassets in Resources */ = {isa = PBXBuildFile; fileRef = 230F798E247BAD2F00993688 /* Assets.xcassets */; };
		230F7992247BAD2F00993688 /* LaunchScreen.storyboard in Resources */ = {isa = PBXBuildFile; fileRef = 230F7990247BAD2F00993688 /* LaunchScreen.storyboard */; };
		230F799A247BBFD100993688 /* Presenter.swift in Sources */ = {isa = PBXBuildFile; fileRef = 230F7999247BBFD100993688 /* Presenter.swift */; };
		230F799C247BC03100993688 /* Model.swift in Sources */ = {isa = PBXBuildFile; fileRef = 230F799B247BC03100993688 /* Model.swift */; };
		230F799E247BC39200993688 /* PhotoViewController.swift in Sources */ = {isa = PBXBuildFile; fileRef = 230F799D247BC39200993688 /* PhotoViewController.swift */; };
/* End PBXBuildFile section */

/* Begin PBXFileReference section */
		230F797F247BAD2D00993688 /* ExamenPhotoApp.app */ = {isa = PBXFileReference; explicitFileType = wrapper.application; includeInIndex = 0; path = ExamenPhotoApp.app; sourceTree = BUILT_PRODUCTS_DIR; };
		230F7982247BAD2D00993688 /* AppDelegate.swift */ = {isa = PBXFileReference; lastKnownFileType = sourcecode.swift; path = AppDelegate.swift; sourceTree = "<group>"; };
		230F7984247BAD2D00993688 /* SceneDelegate.swift */ = {isa = PBXFileReference; lastKnownFileType = sourcecode.swift; path = SceneDelegate.swift; sourceTree = "<group>"; };
		230F7986247BAD2D00993688 /* ViewController.swift */ = {isa = PBXFileReference; lastKnownFileType = sourcecode.swift; path = ViewController.swift; sourceTree = "<group>"; };
		230F7989247BAD2D00993688 /* Base */ = {isa = PBXFileReference; lastKnownFileType = file.storyboard; name = Base; path = Base.lproj/Main.storyboard; sourceTree = "<group>"; };
		230F798C247BAD2D00993688 /* ExamenPhotoApp.xcdatamodel */ = {isa = PBXFileReference; lastKnownFileType = wrapper.xcdatamodel; path = ExamenPhotoApp.xcdatamodel; sourceTree = "<group>"; };
		230F798E247BAD2F00993688 /* Assets.xcassets */ = {isa = PBXFileReference; lastKnownFileType = folder.assetcatalog; path = Assets.xcassets; sourceTree = "<group>"; };
		230F7991247BAD2F00993688 /* Base */ = {isa = PBXFileReference; lastKnownFileType = file.storyboard; name = Base; path = Base.lproj/LaunchScreen.storyboard; sourceTree = "<group>"; };
		230F7993247BAD2F00993688 /* Info.plist */ = {isa = PBXFileReference; lastKnownFileType = text.plist.xml; path = Info.plist; sourceTree = "<group>"; };
		230F7999247BBFD100993688 /* Presenter.swift */ = {isa = PBXFileReference; lastKnownFileType = sourcecode.swift; path = Presenter.swift; sourceTree = "<group>"; };
		230F799B247BC03100993688 /* Model.swift */ = {isa = PBXFileReference; lastKnownFileType = sourcecode.swift; path = Model.swift; sourceTree = "<group>"; };
		230F799D247BC39200993688 /* PhotoViewController.swift */ = {isa = PBXFileReference; lastKnownFileType = sourcecode.swift; path = PhotoViewController.swift; sourceTree = "<group>"; };
/* End PBXFileReference section */

/* Begin PBXFrameworksBuildPhase section */
		230F797C247BAD2D00993688 /* Frameworks */ = {
			isa = PBXFrameworksBuildPhase;
			buildActionMask = 2147483647;
			files = (
			);
			runOnlyForDeploymentPostprocessing = 0;
		};
/* End PBXFrameworksBuildPhase section */

/* Begin PBXGroup section */
		230F7976247BAD2D00993688 = {
			isa = PBXGroup;
			children = (
				230F7981247BAD2D00993688 /* ExamenPhotoApp */,
				230F7980247BAD2D00993688 /* Products */,
			);
			sourceTree = "<group>";
		};
		230F7980247BAD2D00993688 /* Products */ = {
			isa = PBXGroup;
			children = (
				230F797F247BAD2D00993688 /* ExamenPhotoApp.app */,
			);
			name = Products;
			sourceTree = "<group>";
		};
		230F7981247BAD2D00993688 /* ExamenPhotoApp */ = {
			isa = PBXGroup;
			children = (
				230F7982247BAD2D00993688 /* AppDelegate.swift */,
				230F7984247BAD2D00993688 /* SceneDelegate.swift */,
				230F7986247BAD2D00993688 /* ViewController.swift */,
				230F7988247BAD2D00993688 /* Main.storyboard */,
				230F798E247BAD2F00993688 /* Assets.xcassets */,
				230F7990247BAD2F00993688 /* LaunchScreen.storyboard */,
				230F7993247BAD2F00993688 /* Info.plist */,
				230F798B247BAD2D00993688 /* ExamenPhotoApp.xcdatamodeld */,
				230F7999247BBFD100993688 /* Presenter.swift */,
				230F799B247BC03100993688 /* Model.swift */,
				230F799D247BC39200993688 /* PhotoViewController.swift */,
			);
			path = ExamenPhotoApp;
			sourceTree = "<group>";
		};
/* End PBXGroup section */

/* Begin PBXNativeTarget section */
		230F797E247BAD2D00993688 /* ExamenPhotoApp */ = {
			isa = PBXNativeTarget;
			buildConfigurationList = 230F7996247BAD2F00993688 /* Build configuration list for PBXNativeTarget "ExamenPhotoApp" */;
			buildPhases = (
				230F797B247BAD2D00993688 /* Sources */,
				230F797C247BAD2D00993688 /* Frameworks */,
				230F797D247BAD2D00993688 /* Resources */,
			);
			buildRules = (
			);
			dependencies = (
			);
			name = ExamenPhotoApp;
			productName = ExamenPhotoApp;
			productReference = 230F797F247BAD2D00993688 /* ExamenPhotoApp.app */;
			productType = "com.apple.product-type.application";
		};
/* End PBXNativeTarget section */

/* Begin PBXProject section */
		230F7977247BAD2D00993688 /* Project object */ = {
			isa = PBXProject;
			attributes = {
				LastSwiftUpdateCheck = 1130;
				LastUpgradeCheck = 1130;
				ORGANIZATIONNAME = "Andrew Penzenyk";
				TargetAttributes = {
					230F797E247BAD2D00993688 = {
						CreatedOnToolsVersion = 11.3.1;
					};
				};
			};
			buildConfigurationList = 230F797A247BAD2D00993688 /* Build configuration list for PBXProject "ExamenPhotoApp" */;
			compatibilityVersion = "Xcode 9.3";
			developmentRegion = en;
			hasScannedForEncodings = 0;
			knownRegions = (
				en,
				Base,
			);
			mainGroup = 230F7976247BAD2D00993688;
			productRefGroup = 230F7980247BAD2D00993688 /* Products */;
			projectDirPath = "";
			projectRoot = "";
			targets = (
				230F797E247BAD2D00993688 /* ExamenPhotoApp */,
			);
		};
/* End PBXProject section */

/* Begin PBXResourcesBuildPhase section */
		230F797D247BAD2D00993688 /* Resources */ = {
			isa = PBXResourcesBuildPhase;
			buildActionMask = 2147483647;
			files = (
				230F7992247BAD2F00993688 /* LaunchScreen.storyboard in Resources */,
				230F798F247BAD2F00993688 /* Assets.xcassets in Resources */,
				230F798A247BAD2D00993688 /* Main.storyboard in Resources */,
			);
			runOnlyForDeploymentPostprocessing = 0;
		};
/* End PBXResourcesBuildPhase section */

/* Begin PBXSourcesBuildPhase section */
		230F797B247BAD2D00993688 /* Sources */ = {
			isa = PBXSourcesBuildPhase;
			buildActionMask = 2147483647;
			files = (
				230F798D247BAD2D00993688 /* ExamenPhotoApp.xcdatamodeld in Sources */,
				230F7987247BAD2D00993688 /* ViewController.swift in Sources */,
				230F7983247BAD2D00993688 /* AppDelegate.swift in Sources */,
				230F799C247BC03100993688 /* Model.swift in Sources */,
				230F799E247BC39200993688 /* PhotoViewController.swift in Sources */,
				230F7985247BAD2D00993688 /* SceneDelegate.swift in Sources */,
				230F799A247BBFD100993688 /* Presenter.swift in Sources */,
			);
			runOnlyForDeploymentPostprocessing = 0;
		};
/* End PBXSourcesBuildPhase section */

/* Begin PBXVariantGroup section */
		230F7988247BAD2D00993688 /* Main.storyboard */ = {
			isa = PBXVariantGroup;
			children = (
				230F7989247BAD2D00993688 /* Base */,
			);
			name = Main.storyboard;
			sourceTree = "<group>";
		};
		230F7990247BAD2F00993688 /* LaunchScreen.storyboard */ = {
			isa = PBXVariantGroup;
			children = (
				230F7991247BAD2F00993688 /* Base */,
			);
			name = LaunchScreen.storyboard;
			sourceTree = "<group>";
		};
/* End PBXVariantGroup section */

/* Begin XCBuildConfiguration section */
		230F7994247BAD2F00993688 /* Debug */ = {
			isa = XCBuildConfiguration;
			buildSettings = {
				ALWAYS_SEARCH_USER_PATHS = NO;
				CLANG_ANALYZER_NONNULL = YES;
				CLANG_ANALYZER_NUMBER_OBJECT_CONVERSION = YES_AGGRESSIVE;
				CLANG_CXX_LANGUAGE_STANDARD = "gnu++14";
				CLANG_CXX_LIBRARY = "libc++";
				CLANG_ENABLE_MODULES = YES;
				CLANG_ENABLE_OBJC_ARC = YES;
				CLANG_ENABLE_OBJC_WEAK = YES;
				CLANG_WARN_BLOCK_CAPTURE_AUTORELEASING = YES;
				CLANG_WARN_BOOL_CONVERSION = YES;
				CLANG_WARN_COMMA = YES;
				CLANG_WARN_CONSTANT_CONVERSION = YES;
				CLANG_WARN_DEPRECATED_OBJC_IMPLEMENTATIONS = YES;
				CLANG_WARN_DIRECT_OBJC_ISA_USAGE = YES_ERROR;
				CLANG_WARN_DOCUMENTATION_COMMENTS = YES;
				CLANG_WARN_EMPTY_BODY = YES;
				CLANG_WARN_ENUM_CONVERSION = YES;
				CLANG_WARN_INFINITE_RECURSION = YES;
				CLANG_WARN_INT_CONVERSION = YES;
				CLANG_WARN_NON_LITERAL_NULL_CONVERSION = YES;
				CLANG_WARN_OBJC_IMPLICIT_RETAIN_SELF = YES;
				CLANG_WARN_OBJC_LITERAL_CONVERSION = YES;
				CLANG_WARN_OBJC_ROOT_CLASS = YES_ERROR;
				CLANG_WARN_RANGE_LOOP_ANALYSIS = YES;
				CLANG_WARN_STRICT_PROTOTYPES = YES;
				CLANG_WARN_SUSPICIOUS_MOVE = YES;
				CLANG_WARN_UNGUARDED_AVAILABILITY = YES_AGGRESSIVE;
				CLANG_WARN_UNREACHABLE_CODE = YES;
				CLANG_WARN__DUPLICATE_METHOD_MATCH = YES;
				COPY_PHASE_STRIP = NO;
				DEBUG_INFORMATION_FORMAT = dwarf;
				ENABLE_STRICT_OBJC_MSGSEND = YES;
				ENABLE_TESTABILITY = YES;
				GCC_C_LANGUAGE_STANDARD = gnu11;
				GCC_DYNAMIC_NO_PIC = NO;
				GCC_NO_COMMON_BLOCKS = YES;
				GCC_OPTIMIZATION_LEVEL = 0;
				GCC_PREPROCESSOR_DEFINITIONS = (
					"DEBUG=1",
					"$(inherited)",
				);
				GCC_WARN_64_TO_32_BIT_CONVERSION = YES;
				GCC_WARN_ABOUT_RETURN_TYPE = YES_ERROR;
				GCC_WARN_UNDECLARED_SELECTOR = YES;
				GCC_WARN_UNINITIALIZED_AUTOS = YES_AGGRESSIVE;
				GCC_WARN_UNUSED_FUNCTION = YES;
				GCC_WARN_UNUSED_VARIABLE = YES;
				IPHONEOS_DEPLOYMENT_TARGET = 13.2;
				MTL_ENABLE_DEBUG_INFO = INCLUDE_SOURCE;
				MTL_FAST_MATH = YES;
				ONLY_ACTIVE_ARCH = YES;
				SDKROOT = iphoneos;
				SWIFT_ACTIVE_COMPILATION_CONDITIONS = DEBUG;
				SWIFT_OPTIMIZATION_LEVEL = "-Onone";
			};
			name = Debug;
		};
		230F7995247BAD2F00993688 /* Release */ = {
			isa = XCBuildConfiguration;
			buildSettings = {
				ALWAYS_SEARCH_USER_PATHS = NO;
				CLANG_ANALYZER_NONNULL = YES;
				CLANG_ANALYZER_NUMBER_OBJECT_CONVERSION = YES_AGGRESSIVE;
				CLANG_CXX_LANGUAGE_STANDARD = "gnu++14";
				CLANG_CXX_LIBRARY = "libc++";
				CLANG_ENABLE_MODULES = YES;
				CLANG_ENABLE_OBJC_ARC = YES;
				CLANG_ENABLE_OBJC_WEAK = YES;
				CLANG_WARN_BLOCK_CAPTURE_AUTORELEASING = YES;
				CLANG_WARN_BOOL_CONVERSION = YES;
				CLANG_WARN_COMMA = YES;
				CLANG_WARN_CONSTANT_CONVERSION = YES;
				CLANG_WARN_DEPRECATED_OBJC_IMPLEMENTATIONS = YES;
				CLANG_WARN_DIRECT_OBJC_ISA_USAGE = YES_ERROR;
				CLANG_WARN_DOCUMENTATION_COMMENTS = YES;
				CLANG_WARN_EMPTY_BODY = YES;
				CLANG_WARN_ENUM_CONVERSION = YES;
				CLANG_WARN_INFINITE_RECURSION = YES;
				CLANG_WARN_INT_CONVERSION = YES;
				CLANG_WARN_NON_LITERAL_NULL_CONVERSION = YES;
				CLANG_WARN_OBJC_IMPLICIT_RETAIN_SELF = YES;
				CLANG_WARN_OBJC_LITERAL_CONVERSION = YES;
				CLANG_WARN_OBJC_ROOT_CLASS = YES_ERROR;
				CLANG_WARN_RANGE_LOOP_ANALYSIS = YES;
				CLANG_WARN_STRICT_PROTOTYPES = YES;
				CLANG_WARN_SUSPICIOUS_MOVE = YES;
				CLANG_WARN_UNGUARDED_AVAILABILITY = YES_AGGRESSIVE;
				CLANG_WARN_UNREACHABLE_CODE = YES;
				CLANG_WARN__DUPLICATE_METHOD_MATCH = YES;
				COPY_PHASE_STRIP = NO;
				DEBUG_INFORMATION_FORMAT = "dwarf-with-dsym";
				ENABLE_NS_ASSERTIONS = NO;
				ENABLE_STRICT_OBJC_MSGSEND = YES;
				GCC_C_LANGUAGE_STANDARD = gnu11;
				GCC_NO_COMMON_BLOCKS = YES;
				GCC_WARN_64_TO_32_BIT_CONVERSION = YES;
				GCC_WARN_ABOUT_RETURN_TYPE = YES_ERROR;
				GCC_WARN_UNDECLARED_SELECTOR = YES;
				GCC_WARN_UNINITIALIZED_AUTOS = YES_AGGRESSIVE;
				GCC_WARN_UNUSED_FUNCTION = YES;
				GCC_WARN_UNUSED_VARIABLE = YES;
				IPHONEOS_DEPLOYMENT_TARGET = 13.2;
				MTL_ENABLE_DEBUG_INFO = NO;
				MTL_FAST_MATH = YES;
				SDKROOT = iphoneos;
				SWIFT_COMPILATION_MODE = wholemodule;
				SWIFT_OPTIMIZATION_LEVEL = "-O";
				VALIDATE_PRODUCT = YES;
			};
			name = Release;
		};
		230F7997247BAD2F00993688 /* Debug */ = {
			isa = XCBuildConfiguration;
			buildSettings = {
				ASSETCATALOG_COMPILER_APPICON_NAME = AppIcon;
				CODE_SIGN_STYLE = Automatic;
				INFOPLIST_FILE = ExamenPhotoApp/Info.plist;
				LD_RUNPATH_SEARCH_PATHS = (
					"$(inherited)",
					"@executable_path/Frameworks",
				);
				PRODUCT_BUNDLE_IDENTIFIER = tapycha.ExamenPhotoApp;
				PRODUCT_NAME = "$(TARGET_NAME)";
				SWIFT_VERSION = 5.0;
				TARGETED_DEVICE_FAMILY = "1,2";
			};
			name = Debug;
		};
		230F7998247BAD2F00993688 /* Release */ = {
			isa = XCBuildConfiguration;
			buildSettings = {
				ASSETCATALOG_COMPILER_APPICON_NAME = AppIcon;
				CODE_SIGN_STYLE = Automatic;
				INFOPLIST_FILE = ExamenPhotoApp/Info.plist;
				LD_RUNPATH_SEARCH_PATHS = (
					"$(inherited)",
					"@executable_path/Frameworks",
				);
				PRODUCT_BUNDLE_IDENTIFIER = tapycha.ExamenPhotoApp;
				PRODUCT_NAME = "$(TARGET_NAME)";
				SWIFT_VERSION = 5.0;
				TARGETED_DEVICE_FAMILY = "1,2";
			};
			name = Release;
		};
/* End XCBuildConfiguration section */

/* Begin XCConfigurationList section */
		230F797A247BAD2D00993688 /* Build configuration list for PBXProject "ExamenPhotoApp" */ = {
			isa = XCConfigurationList;
			buildConfigurations = (
				230F7994247BAD2F00993688 /* Debug */,
				230F7995247BAD2F00993688 /* Release */,
			);
			defaultConfigurationIsVisible = 0;
			defaultConfigurationName = Release;
		};
		230F7996247BAD2F00993688 /* Build configuration list for PBXNativeTarget "ExamenPhotoApp" */ = {
			isa = XCConfigurationList;
			buildConfigurations = (
				230F7997247BAD2F00993688 /* Debug */,
				230F7998247BAD2F00993688 /* Release */,
			);
			defaultConfigurationIsVisible = 0;
			defaultConfigurationName = Release;
		};
/* End XCConfigurationList section */

/* Begin XCVersionGroup section */
		230F798B247BAD2D00993688 /* ExamenPhotoApp.xcdatamodeld */ = {
			isa = XCVersionGroup;
			children = (
				230F798C247BAD2D00993688 /* ExamenPhotoApp.xcdatamodel */,
			);
			currentVersion = 230F798C247BAD2D00993688 /* ExamenPhotoApp.xcdatamodel */;
			path = ExamenPhotoApp.xcdatamodeld;
			sourceTree = "<group>";
			versionGroupType = wrapper.xcdatamodel;
		};
/* End XCVersionGroup section */
	};
	rootObject = 230F7977247BAD2D00993688 /* Project object */;
}
